
Microsoft Visual Studio Solution File, Format Version 12.00
# Visual Studio Version 17
VisualStudioVersion = 17.5.33530.505
MinimumVisualStudioVersion = 10.0.40219.1
Project("{FAE04EC0-301F-11D3-BF4B-00C04F79EFBC}") = "BetterRepository", "BetterRepository\BetterRepository.csproj", "{9B3D47A7-DB04-47FF-9C54-2F29002169A6}"
EndProject
Global
	GlobalSection(SolutionConfigurationPlatforms) = preSolution
		Debug|Any CPU = Debug|Any CPU
		Release|Any CPU = Release|Any CPU
	EndGlobalSection
	GlobalSection(ProjectConfigurationPlatforms) = postSolution
		{9B3D47A7-DB04-47FF-9C54-2F29002169A6}.Debug|Any CPU.ActiveCfg = Debug|Any CPU
		{9B3D47A7-DB04-47FF-9C54-2F29002169A6}.Debug|Any CPU.Build.0 = Debug|Any CPU
		{9B3D47A7-DB04-47FF-9C54-2F29002169A6}.Release|Any CPU.ActiveCfg = Release|Any CPU
		{9B3D47A7-DB04-47FF-9C54-2F29002169A6}.Release|Any CPU.Build.0 = Release|Any CPU
	EndGlobalSection
	GlobalSection(SolutionProperties) = preSolution
		HideSolutionNode = FALSE
	EndGlobalSection
	GlobalSection(ExtensibilityGlobals) = postSolution
		SolutionGuid = {D0629169-A7B4-41E4-8A89-DA0B6D1E6453}
	EndGlobalSection
EndGlobal
